
Microsoft Visual Studio Solution File, Format Version 12.00
# Visual Studio Version 17
VisualStudioVersion = 17.3.32929.385
MinimumVisualStudioVersion = 10.0.40219.1
Project("{FAE04EC0-301F-11D3-BF4B-00C04F79EFBC}") = "VolatilityRatio", "VolatilityRatio\VolatilityRatio.csproj", "{8DC825D3-0AB7-453A-A34B-BC5EF64FACAF}"
EndProject
Global
	GlobalSection(SolutionConfigurationPlatforms) = preSolution
		Debug|Any CPU = Debug|Any CPU
		Release|Any CPU = Release|Any CPU
	EndGlobalSection
	GlobalSection(ProjectConfigurationPlatforms) = postSolution
		{8DC825D3-0AB7-453A-A34B-BC5EF64FACAF}.Debug|Any CPU.ActiveCfg = Debug|Any CPU
		{8DC825D3-0AB7-453A-A34B-BC5EF64FACAF}.Debug|Any CPU.Build.0 = Debug|Any CPU
		{8DC825D3-0AB7-453A-A34B-BC5EF64FACAF}.Release|Any CPU.ActiveCfg = Release|Any CPU
		{8DC825D3-0AB7-453A-A34B-BC5EF64FACAF}.Release|Any CPU.Build.0 = Release|Any CPU
	EndGlobalSection
	GlobalSection(SolutionProperties) = preSolution
		HideSolutionNode = FALSE
	EndGlobalSection
	GlobalSection(ExtensibilityGlobals) = postSolution
		SolutionGuid = {D272BA6F-EF90-4EF0-99A3-2FD94B93C78F}
	EndGlobalSection
EndGlobal
